
Microsoft Visual Studio Solution File, Format Version 12.00
# Visual Studio Version 16
VisualStudioVersion = 16.0.29025.244
MinimumVisualStudioVersion = 10.0.40219.1
Project("{FAE04EC0-301F-11D3-BF4B-00C04F79EFBC}") = "Warden", "Warden\Warden.csproj", "{FC41E89C-F20D-4380-8721-4BA808FA924A}"
EndProject
Global
	GlobalSection(SolutionConfigurationPlatforms) = preSolution
		Debug|Any CPU = Debug|Any CPU
		Release|Any CPU = Release|Any CPU
	EndGlobalSection
	GlobalSection(ProjectConfigurationPlatforms) = postSolution
		{FC41E89C-F20D-4380-8721-4BA808FA924A}.Debug|Any CPU.ActiveCfg = Debug|Any CPU
		{FC41E89C-F20D-4380-8721-4BA808FA924A}.Debug|Any CPU.Build.0 = Debug|Any CPU
		{FC41E89C-F20D-4380-8721-4BA808FA924A}.Release|Any CPU.ActiveCfg = Release|Any CPU
		{FC41E89C-F20D-4380-8721-4BA808FA924A}.Release|Any CPU.Build.0 = Release|Any CPU
	EndGlobalSection
	GlobalSection(SolutionProperties) = preSolution
		HideSolutionNode = FALSE
	EndGlobalSection
	GlobalSection(ExtensibilityGlobals) = postSolution
		SolutionGuid = {3791BD28-3729-4B84-B426-B5E262AB07F0}
	EndGlobalSection
EndGlobal
