
Microsoft Visual Studio Solution File, Format Version 12.00
# Visual Studio 15
VisualStudioVersion = 15.0.28307.489
MinimumVisualStudioVersion = 10.0.40219.1
Project("{FAE04EC0-301F-11D3-BF4B-00C04F79EFBC}") = "Warden", "Warden\Warden.csproj", "{FC41E89C-F20D-4380-8721-4BA808FA924A}"
	ProjectSection(ProjectDependencies) = postProject
		{6F12F1C1-50B5-46EE-A49A-A3724C58D656} = {6F12F1C1-50B5-46EE-A49A-A3724C58D656}
		{3A23ADEE-637B-49A6-942E-E9ABF43DAA3D} = {3A23ADEE-637B-49A6-942E-E9ABF43DAA3D}
	EndProjectSection
EndProject
Project("{FAE04EC0-301F-11D3-BF4B-00C04F79EFBC}") = "Business", "..\..\Projetos\Source Code\2.1.3\Library\Business\Business.csproj", "{3A23ADEE-637B-49A6-942E-E9ABF43DAA3D}"
EndProject
Project("{FAE04EC0-301F-11D3-BF4B-00C04F79EFBC}") = "Core", "..\..\Projetos\Source Code\2.1.3\Library\Core\Core.csproj", "{6F12F1C1-50B5-46EE-A49A-A3724C58D656}"
EndProject
Project("{FAE04EC0-301F-11D3-BF4B-00C04F79EFBC}") = "Ofertas", "Ofertas\Ofertas.csproj", "{8F927FFA-8D90-4102-99E3-C9C248F8448E}"
	ProjectSection(ProjectDependencies) = postProject
		{FC41E89C-F20D-4380-8721-4BA808FA924A} = {FC41E89C-F20D-4380-8721-4BA808FA924A}
	EndProjectSection
EndProject
Global
	GlobalSection(SolutionConfigurationPlatforms) = preSolution
		Debug|Any CPU = Debug|Any CPU
		Release|Any CPU = Release|Any CPU
	EndGlobalSection
	GlobalSection(ProjectConfigurationPlatforms) = postSolution
		{FC41E89C-F20D-4380-8721-4BA808FA924A}.Debug|Any CPU.ActiveCfg = Debug|Any CPU
		{FC41E89C-F20D-4380-8721-4BA808FA924A}.Debug|Any CPU.Build.0 = Debug|Any CPU
		{FC41E89C-F20D-4380-8721-4BA808FA924A}.Release|Any CPU.ActiveCfg = Release|Any CPU
		{FC41E89C-F20D-4380-8721-4BA808FA924A}.Release|Any CPU.Build.0 = Release|Any CPU
		{3A23ADEE-637B-49A6-942E-E9ABF43DAA3D}.Debug|Any CPU.ActiveCfg = Debug|Any CPU
		{3A23ADEE-637B-49A6-942E-E9ABF43DAA3D}.Debug|Any CPU.Build.0 = Debug|Any CPU
		{3A23ADEE-637B-49A6-942E-E9ABF43DAA3D}.Release|Any CPU.ActiveCfg = Release|Any CPU
		{3A23ADEE-637B-49A6-942E-E9ABF43DAA3D}.Release|Any CPU.Build.0 = Release|Any CPU
		{6F12F1C1-50B5-46EE-A49A-A3724C58D656}.Debug|Any CPU.ActiveCfg = Debug|Any CPU
		{6F12F1C1-50B5-46EE-A49A-A3724C58D656}.Debug|Any CPU.Build.0 = Debug|Any CPU
		{6F12F1C1-50B5-46EE-A49A-A3724C58D656}.Release|Any CPU.ActiveCfg = Release|Any CPU
		{6F12F1C1-50B5-46EE-A49A-A3724C58D656}.Release|Any CPU.Build.0 = Release|Any CPU
		{8F927FFA-8D90-4102-99E3-C9C248F8448E}.Debug|Any CPU.ActiveCfg = Debug|Any CPU
		{8F927FFA-8D90-4102-99E3-C9C248F8448E}.Debug|Any CPU.Build.0 = Debug|Any CPU
		{8F927FFA-8D90-4102-99E3-C9C248F8448E}.Release|Any CPU.ActiveCfg = Release|Any CPU
		{8F927FFA-8D90-4102-99E3-C9C248F8448E}.Release|Any CPU.Build.0 = Release|Any CPU
	EndGlobalSection
	GlobalSection(SolutionProperties) = preSolution
		HideSolutionNode = FALSE
	EndGlobalSection
	GlobalSection(ExtensibilityGlobals) = postSolution
		SolutionGuid = {3791BD28-3729-4B84-B426-B5E262AB07F0}
	EndGlobalSection
EndGlobal
